Microsoft Visual Studio Solution File, Format Version 12.00
# Visual Studio Version 17
VisualStudioVersion = 17.5.2.0
MinimumVisualStudioVersion = 10.0.40219.1
Project("{FAE04EC0-301F-11D3-BF4B-00C04F79EFBC}") = "Custom-God-Morgen", "Custom-God-Morgen.csproj", "{99D4AC53-D3AD-E2E5-B81E-5038FB5EEF03}"
EndProject
Global
	GlobalSection(SolutionConfigurationPlatforms) = preSolution
		Debug|Any CPU = Debug|Any CPU
		Release|Any CPU = Release|Any CPU
	EndGlobalSection
	GlobalSection(ProjectConfigurationPlatforms) = postSolution
		{99D4AC53-D3AD-E2E5-B81E-5038FB5EEF03}.Debug|Any CPU.ActiveCfg = Debug|Any CPU
		{99D4AC53-D3AD-E2E5-B81E-5038FB5EEF03}.Debug|Any CPU.Build.0 = Debug|Any CPU
		{99D4AC53-D3AD-E2E5-B81E-5038FB5EEF03}.Release|Any CPU.ActiveCfg = Release|Any CPU
		{99D4AC53-D3AD-E2E5-B81E-5038FB5EEF03}.Release|Any CPU.Build.0 = Release|Any CPU
	EndGlobalSection
	GlobalSection(SolutionProperties) = preSolution
		HideSolutionNode = FALSE
	EndGlobalSection
	GlobalSection(ExtensibilityGlobals) = postSolution
		SolutionGuid = {FB9D535C-50D0-48B9-9CED-CF70C8C930D1}
	EndGlobalSection
EndGlobal
